
Microsoft Visual Studio Solution File, Format Version 12.00
# Visual Studio Version 17
VisualStudioVersion = 17.10.35013.160
MinimumVisualStudioVersion = 10.0.40219.1
Project("{9A19103F-16F7-4668-BE54-9A1E7A4F7556}") = "CsCalc", "WinFormsApp1\CsCalc.csproj", "{C48D2288-2401-42B5-8F16-15175E4D985C}"
EndProject
Project("{FAE04EC0-301F-11D3-BF4B-00C04F79EFBC}") = "CsCalcTest", "TestProject1\CsCalcTest.csproj", "{1BB48463-F6B9-437F-A1BB-E8C0357448B0}"
EndProject
Global
	GlobalSection(SolutionConfigurationPlatforms) = preSolution
		Debug|Any CPU = Debug|Any CPU
		Release|Any CPU = Release|Any CPU
	EndGlobalSection
	GlobalSection(ProjectConfigurationPlatforms) = postSolution
		{C48D2288-2401-42B5-8F16-15175E4D985C}.Debug|Any CPU.ActiveCfg = Debug|Any CPU
		{C48D2288-2401-42B5-8F16-15175E4D985C}.Debug|Any CPU.Build.0 = Debug|Any CPU
		{C48D2288-2401-42B5-8F16-15175E4D985C}.Release|Any CPU.ActiveCfg = Release|Any CPU
		{C48D2288-2401-42B5-8F16-15175E4D985C}.Release|Any CPU.Build.0 = Release|Any CPU
		{1BB48463-F6B9-437F-A1BB-E8C0357448B0}.Debug|Any CPU.ActiveCfg = Debug|Any CPU
		{1BB48463-F6B9-437F-A1BB-E8C0357448B0}.Debug|Any CPU.Build.0 = Debug|Any CPU
		{1BB48463-F6B9-437F-A1BB-E8C0357448B0}.Release|Any CPU.ActiveCfg = Release|Any CPU
		{1BB48463-F6B9-437F-A1BB-E8C0357448B0}.Release|Any CPU.Build.0 = Release|Any CPU
	EndGlobalSection
	GlobalSection(SolutionProperties) = preSolution
		HideSolutionNode = FALSE
	EndGlobalSection
	GlobalSection(ExtensibilityGlobals) = postSolution
		SolutionGuid = {54345AF9-5D61-49BB-8A20-086CEEFC4A4E}
	EndGlobalSection
EndGlobal
